Microsoft Visual Studio Solution File, Format Version 12.00
# Visual Studio Version 17
VisualStudioVersion = 17.5.2.0
MinimumVisualStudioVersion = 10.0.40219.1
Project("{FAE04EC0-301F-11D3-BF4B-00C04F79EFBC}") = "DrComCampus", "DrComCampus\DrComCampus.csproj", "{896A7836-5D34-FD09-5076-C9C0EFD34DA7}"
EndProject
Global
	GlobalSection(SolutionConfigurationPlatforms) = preSolution
		Debug|Any CPU = Debug|Any CPU
		Release|Any CPU = Release|Any CPU
	EndGlobalSection
	GlobalSection(ProjectConfigurationPlatforms) = postSolution
		{896A7836-5D34-FD09-5076-C9C0EFD34DA7}.Debug|Any CPU.ActiveCfg = Debug|Any CPU
		{896A7836-5D34-FD09-5076-C9C0EFD34DA7}.Debug|Any CPU.Build.0 = Debug|Any CPU
		{896A7836-5D34-FD09-5076-C9C0EFD34DA7}.Release|Any CPU.ActiveCfg = Release|Any CPU
		{896A7836-5D34-FD09-5076-C9C0EFD34DA7}.Release|Any CPU.Build.0 = Release|Any CPU
	EndGlobalSection
	GlobalSection(SolutionProperties) = preSolution
		HideSolutionNode = FALSE
	EndGlobalSection
	GlobalSection(ExtensibilityGlobals) = postSolution
		SolutionGuid = {76699BA4-1165-4C18-9A98-AFDB37AE6CB5}
	EndGlobalSection
EndGlobal
